{
  "name": "microservices-4s2",
  "version": "1.0.0",
  "lockfileVersion": 3,
  "requires": true,
  "packages": {
    "": {
      "name": "microservices-4s2",
      "version": "1.0.0",
      "license": "ISC",
      "dependencies": {
        "microservices-4s2": "github:twiney94/microservices-4S2"
      }
    },
    "node_modules/microservices-4s2": {
      "version": "1.0.0",
      "resolved": "git+ssh://git@github.com/twiney94/microservices-4S2.git#40efb61a1986e19974a30a6cd51c00021d356ce0",
      "license": "ISC",
      "dependencies": {
        "microservices-4s2": "github:twiney94/microservices-4S2"
      }
    }
  }
}
