{
  "name": "microservices-4s2",
  "version": "1.0.0",
  "lockfileVersion": 3,
  "requires": true,
  "packages": {
    "": {
      "name": "microservices-4s2",
      "version": "1.0.0",
      "license": "ISC",
      "dependencies": {
        "microservices-4s2": "github:twiney94/microservices-4S2"
      }
    },
    "node_modules/microservices-4s2": {
      "version": "1.0.0",
      "resolved": "git+ssh://git@github.com/twiney94/microservices-4S2.git#8f642c22e1b3793de8289f8fdc7fa2fc8c437ab7",
      "license": "ISC"
    }
  }
}
