{
  "name": "microservices-4s2",
  "version": "1.0.0",
  "lockfileVersion": 3,
  "requires": true,
  "packages": {
    "": {
      "name": "microservices-4s2",
      "version": "1.0.0",
      "license": "ISC",
      "dependencies": {
        "microservices-4s2": "github:twiney94/microservices-4S2"
      }
    },
    "node_modules/microservices-4s2": {
      "version": "1.0.0",
      "resolved": "git+ssh://git@github.com/twiney94/microservices-4S2.git#e5d421f2274be38d741c3bc3a1439707c1d2f771",
      "license": "ISC",
      "dependencies": {
        "microservices-4s2": "github:twiney94/microservices-4S2"
      }
    }
  }
}
